github.com/Unknwon/com v0.0.0-20180617003950-da59b551951d h1:WIMjaJ5ijE467klV1corOvVBJ3wXCMUf6i88JRid0qI=
github.com/Unknwon/com v0.0.0-20180617003950-da59b551951d/go.mod h1:KYCjqMOeHpNuTOiFQU6WEcTG7poCJrUs0YgyHNtn1no=
github.com/Unknwon/i18n v0.0.0-20171114194641-b64d33658966 h1:Mp8GNJ/tdTZIEdLdZfykEJaL3mTyEYrSzYNcdoQKpJk=
github.com/Unknwon/i18n v0.0.0-20171114194641-b64d33658966/go.mod h1:SFtfq0zFPsENI7DpE87QM2hcYu5QQ0fRdCgP+P1Hrqo=
github.com/elgs/gostrgen v0.0.0-20161222160715-9d61ae07eeae h1:3KvK2DmA7TxQ6PZ2f0rWbdqjgJhRcqgbY70bBeE4clI=
github.com/elgs/gostrgen v0.0.0-20161222160715-9d61ae07eeae/go.mod h1:wruC5r2gHdr/JIUs5Rr1V45YtsAzKXZxAnn/5rPC97g=
github.com/go-macaron/cache v0.0.0-20151013081102-561735312776 h1:UYIHS1r0WotqB5cIa0PAiV0m6GzD9rDBcn4alp5JgCw=
github.com/go-macaron/cache v0.0.0-20151013081102-561735312776/go.mod h1:hHAsZm/oBZVcY+S7qdQL6Vbg5VrXF6RuKGuqsszt3Ok=
github.com/go-macaron/gzip v0.0.0-20160222043647-cad1c6580a07 h1:YSIA98PevNf1NtCa/J6cz7gjzpz99WVAOa9Eg0klKps=
github.com/go-macaron/gzip v0.0.0-20160222043647-cad1c6580a07/go.mod h1://cJFfDp/70L0oTNAMB+M8Jd0rpuIx/55iARuJ6StwE=
github.com/go-macaron/i18n v0.0.0-20160612092837-ef57533c3b0f h1:wDKrZFc9pYJlqFOf7EzGbFMrSFFtyHt3plr2uTdo8Rg=
github.com/go-macaron/i18n v0.0.0-20160612092837-ef57533c3b0f/go.mod h1:MePM/dStkAh+PNzAdNSNl4SGDM2EZvZGken+KpJhM7s=
github.com/go-macaron/inject v0.0.0-20160627170012-d8a0b8677191 h1:NjHlg70DuOkcAMqgt0+XA+NHwtu66MkTVVgR4fFWbcI=
github.com/go-macaron/inject v0.0.0-20160627170012-d8a0b8677191/go.mod h1:VFI2o2q9kYsC4o7VP1HrEVosiZZTd+MVT3YZx4gqvJw=
github.com/go-macaron/session v0.0.0-20170320172209-b8e286a0dba8 h1:YIbILaZ2IycFbMhPG35oBews3Tt5HWNTW7xhEEXvEtE=
github.com/go-macaron/session v0.0.0-20170320172209-b8e286a0dba8/go.mod h1:ScEJm9Gk+ez5JJTml5WlBIqavAfuE5nF8e4Gvyz/X+A=
github.com/go-sql-driver/mysql v1.4.0 h1:7LxgVwFb2hIQtMm87NdgAVfXjnt4OePseqT1tKx+opk=
github.com/go-sql-driver/mysql v1.4.0/go.mod h1:zAC/RDZ24gD3HViQzih4MyKcchzm+sOG5ZlKdlhCg5w=
github.com/go-xorm/builder v0.0.0-20180322150003-a9b7ffcca3f0 h1:6cLhxUWQkTTOJ8VR6QzF9aaSP6Qm8fl7EKO1+KPz3dY=
github.com/go-xorm/builder v0.0.0-20180322150003-a9b7ffcca3f0/go.mod h1:v8mE3MFBgtL+RGFNfUnAMUqqfk/Y4W5KuwCFQIEpQLk=
github.com/go-xorm/core v0.0.0-20180322150003-0177c08cee88/go.mod h1:d8FJ9Br8OGyQl12MCclmYBuBqqxsyeedpXciV5Myih8=
github.com/go-xorm/core v0.6.0 h1:tp6hX+ku4OD9khFZS8VGBDRY3kfVCtelPfmkgCyHxL0=
github.com/go-xorm/core v0.6.0/go.mod h1:d8FJ9Br8OGyQl12MCclmYBuBqqxsyeedpXciV5Myih8=
github.com/go-xorm/xorm v0.7.0 h1:u3X44NiN3ggNeeJO3f1xmHIFGAqh3qmCWS3ROuIBWmU=
github.com/go-xorm/xorm v0.7.0/go.mod h1:xkHEPeHG0ckC95t/J9vR4tr4gE4944G/kGnDCGLAxlA=
github.com/jung-kurt/gofpdf v1.0.0 h1:EroSdlP9BOoL5ssLYf3uLJXhCQMMM2fFxCJDKA3RhnA=
github.com/jung-kurt/gofpdf v1.0.0/go.mod h1:7Id9E/uU8ce6rXgefFLlgrJj/GYY22cpxn+r32jIOes=
github.com/klauspost/compress v1.4.0 h1:8nsMz3tWa9SWWPL60G1V6CUsf4lLjWLTNEtibhe8gh8=
github.com/klauspost/compress v1.4.0/go.mod h1:RyIbtBH6LamlWaDj8nUwkbUhJ87Yi3uG0guNDohfE1A=
github.com/microcosm-cc/bluemonday v1.0.1 h1:SIYunPjnlXcW+gVfvm0IlSeR5U3WZUOLfVmqg85Go44=
github.com/microcosm-cc/bluemonday v1.0.1/go.mod h1:hsXNsILzKxV+sX77C5b8FSuKF00vh2OMYv+xgHpAMF4=
github.com/robfig/cron v0.0.0-20180505203441-b41be1df6967 h1:x7xEyJDP7Hv3LVgvWhzioQqbC/KtuUhTigKlH/8ehhE=
github.com/robfig/cron v0.0.0-20180505203441-b41be1df6967/go.mod h1:JGuDeoQd7Z6yL4zQhZ3OPEVHB7fL6Ka6skscFHfmt2k=
github.com/russross/blackfriday v2.0.0+incompatible h1:cBXrhZNUf9C+La9/YpS+UHpUT8YD6Td9ZMSU9APFcsk=
github.com/russross/blackfriday v2.0.0+incompatible/go.mod h1:JO/DiYxRf+HjHt06OyowR9PTA263kcR/rfWxYHBV53g=
github.com/russross/blackfriday/v2 v2.0.1 h1:lPqVAte+HuHNfhJ/0LC98ESWRz8afy9tM/0RK8m9o+Q=
github.com/russross/blackfriday/v2 v2.0.1/go.mod h1:+Rmxgy9KzJVeS9/2gXHxylqXiyQDYRxCVz55jmeOWTM=
github.com/shurcooL/sanitized_anchor_name v0.0.0-20170918181015-86672fcb3f95 h1:/vdW8Cb7EXrkqWGufVMES1OH2sU9gKVb2n9/1y5NMBY=
github.com/shurcooL/sanitized_anchor_name v0.0.0-20170918181015-86672fcb3f95/go.mod h1:1NzhyTcUVG4SuEtjjoZeVRXNmyL/1OwPU0+IJeTBvfc=
github.com/theMomax/captcha v0.0.0-20180204185435-65a8cad9c1c4 h1:nAtB4sD7g8GAgyjX9LxkMQx3skAcFqztzJOjTDWVk60=
github.com/theMomax/captcha v0.0.0-20180204185435-65a8cad9c1c4/go.mod h1:S1KePCkeRb3fX2mcNJGytPVsOEKG1x7zLfrhAq4js3w=
github.com/urfave/cli v1.20.0 h1:fDqGv3UG/4jbVl/QkFwEdddtEDjh/5Ov6X+0B/3bPaw=
github.com/urfave/cli v1.20.0/go.mod h1:70zkFmudgCuE/ngEzBv17Jvp/497gISqfk5gWijbERA=
golang.org/x/crypto v0.0.0-20180927165925-5295e8364332 h1:hvQVdF6P9DX4OiKA5tpehlG6JsgzmyQiThG7q5Bn3UQ=
golang.org/x/crypto v0.0.0-20180927165925-5295e8364332/go.mod h1:6SG95UA2DQfeDnfUPMdvaQW0Q7yPrPDi9nlGo2tz2b4=
golang.org/x/net v0.0.0-20180926154720-4dfa2610cdf3 h1:dgd4x4kJt7G4k4m93AYLzM8Ni6h2qLTfh9n9vXJT3/0=
golang.org/x/net v0.0.0-20180926154720-4dfa2610cdf3/go.mod h1:mL1N/T3taQHkDXs73rZJwtUhF3w3ftmwwsq0BUmARs4=
golang.org/x/text v0.3.0 h1:g61tztE5qeGQ89tm6NTjjM9VPIm088od1l6aSorWRWg=
golang.org/x/text v0.3.0/go.mod h1:NqM8EUOU14njkJ3fqMW+pc6Ldnwhi/IjpwHt7yyuwOQ=
gopkg.in/gomail.v2 v2.0.0-20160411212932-81ebce5c23df h1:n7WqCuqOuCbNr617RXOY0AWRXxgwEyPp2z+p0+hgMuE=
gopkg.in/gomail.v2 v2.0.0-20160411212932-81ebce5c23df/go.mod h1:LRQQ+SO6ZHR7tOkpBDuZnXENFzX8qRjMDMyPD6BRkCw=
gopkg.in/ini.v1 v1.38.2 h1:dGcbywv4RufeGeiMycPT/plKB5FtmLKLnWKwBiLhUA4=
gopkg.in/ini.v1 v1.38.2/go.mod h1:pNLf8WUiyNEtQjuu5G5vTm06TEv9tsIgeAvK8hOrP4k=
gopkg.in/macaron.v1 v1.3.1 h1:zq/TrF4lFz9BGzmDICswcPwm1JSi228iLFp0G+hwMqo=
gopkg.in/macaron.v1 v1.3.1/go.mod h1:PrsiawTWAGZs6wFbT5hlr7SQ2Ns9h7cUVtcUu4lQOVo=
